
Microsoft Visual Studio Solution File, Format Version 12.00
# Visual Studio 15
Project("{FAE04EC0-301F-11D3-BF4B-00C04F79EFBC}") = "StrategyPatterns", "StrategyPatterns.csproj", "{89EFCCAC-57FB-445F-9717-242999091C27}"
EndProject
Global
	GlobalSection(SolutionConfigurationPlatforms) = preSolution
		Debug|Any CPU = Debug|Any CPU
		Release|Any CPU = Release|Any CPU
	EndGlobalSection
	GlobalSection(ProjectConfigurationPlatforms) = postSolution
		{89EFCCAC-57FB-445F-9717-242999091C27}.Debug|Any CPU.ActiveCfg = Debug|Any CPU
		{89EFCCAC-57FB-445F-9717-242999091C27}.Debug|Any CPU.Build.0 = Debug|Any CPU
		{89EFCCAC-57FB-445F-9717-242999091C27}.Release|Any CPU.ActiveCfg = Release|Any CPU
		{89EFCCAC-57FB-445F-9717-242999091C27}.Release|Any CPU.Build.0 = Release|Any CPU
	EndGlobalSection
EndGlobal
